
Microsoft Visual Studio Solution File, Format Version 11.00
# Visual Studio 2010
Project("{FAE04EC0-301F-11D3-BF4B-00C04F79EFBC}") = "ExtendedBans", "ExtendedBans.csproj", "{B49677E1-688C-4AD2-8A37-D0CAA8D5FBA9}"
EndProject
Global
	GlobalSection(SolutionConfigurationPlatforms) = preSolution
		Debug|Any CPU = Debug|Any CPU
		Release|Any CPU = Release|Any CPU
	EndGlobalSection
	GlobalSection(ProjectConfigurationPlatforms) = postSolution
		{B49677E1-688C-4AD2-8A37-D0CAA8D5FBA9}.Debug|Any CPU.ActiveCfg = Debug|Any CPU
		{B49677E1-688C-4AD2-8A37-D0CAA8D5FBA9}.Debug|Any CPU.Build.0 = Debug|Any CPU
		{B49677E1-688C-4AD2-8A37-D0CAA8D5FBA9}.Release|Any CPU.ActiveCfg = Release|Any CPU
		{B49677E1-688C-4AD2-8A37-D0CAA8D5FBA9}.Release|Any CPU.Build.0 = Release|Any CPU
	EndGlobalSection
	GlobalSection(SolutionProperties) = preSolution
		HideSolutionNode = FALSE
	EndGlobalSection
EndGlobal
